{
  "name": "SweigApp",
  "requires": true,
  "lockfileVersion": 1,
  "dependencies": {
    "@angular/http": {
      "version": "6.0.0",
      "resolved": "https://registry.npmjs.org/@angular/http/-/http-6.0.0.tgz",
      "integrity": "sha512-nBZ4KmXx0KR+cIPOMBsJpPhcec5wSCbVtTYRH0zTxmzTmqM3g6+i0PECpqbVgcQEGiOxBLcmXNWfXZl5czpiqw==",
      "requires": {
        "tslib": "^1.9.0"
      }
    },
    "tslib": {
      "version": "1.9.0",
      "resolved": "https://registry.npmjs.org/tslib/-/tslib-1.9.0.tgz",
      "integrity": "sha512-f/qGG2tUkrISBlQZEjEqoZ3B2+npJjIf04H1wuAv9iA8i04Icp+61KRXxFdha22670NJopsZCIjhC3SnjPRKrQ=="
    },
    "webpacker": {
      "version": "0.0.3",
      "resolved": "https://registry.npmjs.org/webpacker/-/webpacker-0.0.3.tgz",
      "integrity": "sha1-6QOY4DfNSTXIW5A7t+cRiMrPSG8="
    }
  }
}
